
Microsoft Visual Studio Solution File, Format Version 12.00
# Visual Studio Version 16
VisualStudioVersion = 16.0.31702.278
MinimumVisualStudioVersion = 10.0.40219.1
Project("{9A19103F-16F7-4668-BE54-9A1E7A4F7556}") = "APIREST.MongoDB", "APIREST.MongoDB\APIREST.MongoDB.csproj", "{99A3895E-D9E8-47B6-962F-CE433E0AA2F5}"
EndProject
Project("{FAE04EC0-301F-11D3-BF4B-00C04F79EFBC}") = "APIREST.MongoDB.UI", "APIREST.MongoDB.UI\APIREST.MongoDB.UI.csproj", "{F5AF1431-441E-4E5F-BA8F-0308338FEC28}"
EndProject
Project("{FAE04EC0-301F-11D3-BF4B-00C04F79EFBC}") = "APIREST.MongoDB.Data", "APIREST.MongoDB.Data\APIREST.MongoDB.Data.csproj", "{DD1F372C-0790-4DB9-AEED-4F817F274411}"
EndProject
Global
	GlobalSection(SolutionConfigurationPlatforms) = preSolution
		Debug|Any CPU = Debug|Any CPU
		Release|Any CPU = Release|Any CPU
	EndGlobalSection
	GlobalSection(ProjectConfigurationPlatforms) = postSolution
		{99A3895E-D9E8-47B6-962F-CE433E0AA2F5}.Debug|Any CPU.ActiveCfg = Debug|Any CPU
		{99A3895E-D9E8-47B6-962F-CE433E0AA2F5}.Debug|Any CPU.Build.0 = Debug|Any CPU
		{99A3895E-D9E8-47B6-962F-CE433E0AA2F5}.Release|Any CPU.ActiveCfg = Release|Any CPU
		{99A3895E-D9E8-47B6-962F-CE433E0AA2F5}.Release|Any CPU.Build.0 = Release|Any CPU
		{F5AF1431-441E-4E5F-BA8F-0308338FEC28}.Debug|Any CPU.ActiveCfg = Debug|Any CPU
		{F5AF1431-441E-4E5F-BA8F-0308338FEC28}.Debug|Any CPU.Build.0 = Debug|Any CPU
		{F5AF1431-441E-4E5F-BA8F-0308338FEC28}.Release|Any CPU.ActiveCfg = Release|Any CPU
		{F5AF1431-441E-4E5F-BA8F-0308338FEC28}.Release|Any CPU.Build.0 = Release|Any CPU
		{DD1F372C-0790-4DB9-AEED-4F817F274411}.Debug|Any CPU.ActiveCfg = Debug|Any CPU
		{DD1F372C-0790-4DB9-AEED-4F817F274411}.Debug|Any CPU.Build.0 = Debug|Any CPU
		{DD1F372C-0790-4DB9-AEED-4F817F274411}.Release|Any CPU.ActiveCfg = Release|Any CPU
		{DD1F372C-0790-4DB9-AEED-4F817F274411}.Release|Any CPU.Build.0 = Release|Any CPU
	EndGlobalSection
	GlobalSection(SolutionProperties) = preSolution
		HideSolutionNode = FALSE
	EndGlobalSection
	GlobalSection(ExtensibilityGlobals) = postSolution
		SolutionGuid = {4E6DF51F-77E3-46BE-9D1B-49527401391E}
	EndGlobalSection
EndGlobal
